
Microsoft Visual Studio Solution File, Format Version 11.00
# Visual Studio 2010
# SharpDevelop 5.0
Project("{FAE04EC0-301F-11D3-BF4B-00C04F79EFBC}") = "program2", "program2\program2.csproj", "{0A50673F-3E1C-4B3C-80D0-AED040A89337}"
EndProject
Global
	GlobalSection(SolutionConfigurationPlatforms) = preSolution
		Debug|Any CPU = Debug|Any CPU
		Release|Any CPU = Release|Any CPU
	EndGlobalSection
	GlobalSection(ProjectConfigurationPlatforms) = postSolution
		{0A50673F-3E1C-4B3C-80D0-AED040A89337}.Debug|Any CPU.ActiveCfg = Debug|Any CPU
		{0A50673F-3E1C-4B3C-80D0-AED040A89337}.Debug|Any CPU.Build.0 = Debug|Any CPU
		{0A50673F-3E1C-4B3C-80D0-AED040A89337}.Release|Any CPU.ActiveCfg = Release|Any CPU
		{0A50673F-3E1C-4B3C-80D0-AED040A89337}.Release|Any CPU.Build.0 = Release|Any CPU
	EndGlobalSection
EndGlobal
